
Microsoft Visual Studio Solution File, Format Version 12.00
# Visual Studio Version 17
VisualStudioVersion = 17.8.34601.278
MinimumVisualStudioVersion = 10.0.40219.1
Project("{9A19103F-16F7-4668-BE54-9A1E7A4F7556}") = "NUnit.Maui.Runner", "NUnit.Maui.Runner\NUnit.Maui.Runner.csproj", "{CF2C8A9A-227F-4FD2-92FA-4AE1AB2AA9E4}"
EndProject
Project("{9A19103F-16F7-4668-BE54-9A1E7A4F7556}") = "nunit.framework", "framework\nunit.framework.csproj", "{B6C75B28-4E8A-4402-9CB7-3842BC3E932A}"
EndProject
Project("{9A19103F-16F7-4668-BE54-9A1E7A4F7556}") = "NUnitTests", "NUnitTests\NUnitTests.csproj", "{832D083D-E43A-44C8-A5B4-CDB6759D6AD5}"
EndProject
Project("{FAE04EC0-301F-11D3-BF4B-00C04F79EFBC}") = "UITests.Android", "UITests.Android\UITests.Android.csproj", "{AAA3D24C-E431-4B6C-8BD4-A73730FB6D0F}"
EndProject
Project("{FAE04EC0-301F-11D3-BF4B-00C04F79EFBC}") = "UITests.iOS", "UITests.iOS\UITests.iOS.csproj", "{66433132-8371-4589-8273-0735A6EFD08D}"
EndProject
Global
	GlobalSection(SolutionConfigurationPlatforms) = preSolution
		Debug|Any CPU = Debug|Any CPU
		Debug|x64 = Debug|x64
		Debug|x86 = Debug|x86
		Release|Any CPU = Release|Any CPU
		Release|x64 = Release|x64
		Release|x86 = Release|x86
	EndGlobalSection
	GlobalSection(ProjectConfigurationPlatforms) = postSolution
		{CF2C8A9A-227F-4FD2-92FA-4AE1AB2AA9E4}.Debug|Any CPU.ActiveCfg = Debug|Any CPU
		{CF2C8A9A-227F-4FD2-92FA-4AE1AB2AA9E4}.Debug|Any CPU.Build.0 = Debug|Any CPU
		{CF2C8A9A-227F-4FD2-92FA-4AE1AB2AA9E4}.Debug|Any CPU.Deploy.0 = Debug|Any CPU
		{CF2C8A9A-227F-4FD2-92FA-4AE1AB2AA9E4}.Debug|x64.ActiveCfg = Debug|Any CPU
		{CF2C8A9A-227F-4FD2-92FA-4AE1AB2AA9E4}.Debug|x64.Build.0 = Debug|Any CPU
		{CF2C8A9A-227F-4FD2-92FA-4AE1AB2AA9E4}.Debug|x86.ActiveCfg = Debug|Any CPU
		{CF2C8A9A-227F-4FD2-92FA-4AE1AB2AA9E4}.Debug|x86.Build.0 = Debug|Any CPU
		{CF2C8A9A-227F-4FD2-92FA-4AE1AB2AA9E4}.Release|Any CPU.ActiveCfg = Release|Any CPU
		{CF2C8A9A-227F-4FD2-92FA-4AE1AB2AA9E4}.Release|Any CPU.Build.0 = Release|Any CPU
		{CF2C8A9A-227F-4FD2-92FA-4AE1AB2AA9E4}.Release|Any CPU.Deploy.0 = Release|Any CPU
		{CF2C8A9A-227F-4FD2-92FA-4AE1AB2AA9E4}.Release|x64.ActiveCfg = Release|Any CPU
		{CF2C8A9A-227F-4FD2-92FA-4AE1AB2AA9E4}.Release|x64.Build.0 = Release|Any CPU
		{CF2C8A9A-227F-4FD2-92FA-4AE1AB2AA9E4}.Release|x86.ActiveCfg = Release|Any CPU
		{CF2C8A9A-227F-4FD2-92FA-4AE1AB2AA9E4}.Release|x86.Build.0 = Release|Any CPU
		{B6C75B28-4E8A-4402-9CB7-3842BC3E932A}.Debug|Any CPU.ActiveCfg = Debug|Any CPU
		{B6C75B28-4E8A-4402-9CB7-3842BC3E932A}.Debug|Any CPU.Build.0 = Debug|Any CPU
		{B6C75B28-4E8A-4402-9CB7-3842BC3E932A}.Debug|x64.ActiveCfg = Debug|Any CPU
		{B6C75B28-4E8A-4402-9CB7-3842BC3E932A}.Debug|x64.Build.0 = Debug|Any CPU
		{B6C75B28-4E8A-4402-9CB7-3842BC3E932A}.Debug|x86.ActiveCfg = Debug|Any CPU
		{B6C75B28-4E8A-4402-9CB7-3842BC3E932A}.Debug|x86.Build.0 = Debug|Any CPU
		{B6C75B28-4E8A-4402-9CB7-3842BC3E932A}.Release|Any CPU.ActiveCfg = Release|Any CPU
		{B6C75B28-4E8A-4402-9CB7-3842BC3E932A}.Release|Any CPU.Build.0 = Release|Any CPU
		{B6C75B28-4E8A-4402-9CB7-3842BC3E932A}.Release|x64.ActiveCfg = Release|Any CPU
		{B6C75B28-4E8A-4402-9CB7-3842BC3E932A}.Release|x64.Build.0 = Release|Any CPU
		{B6C75B28-4E8A-4402-9CB7-3842BC3E932A}.Release|x86.ActiveCfg = Release|Any CPU
		{B6C75B28-4E8A-4402-9CB7-3842BC3E932A}.Release|x86.Build.0 = Release|Any CPU
		{832D083D-E43A-44C8-A5B4-CDB6759D6AD5}.Debug|Any CPU.ActiveCfg = Debug|Any CPU
		{832D083D-E43A-44C8-A5B4-CDB6759D6AD5}.Debug|Any CPU.Build.0 = Debug|Any CPU
		{832D083D-E43A-44C8-A5B4-CDB6759D6AD5}.Debug|Any CPU.Deploy.0 = Debug|Any CPU
		{832D083D-E43A-44C8-A5B4-CDB6759D6AD5}.Debug|x64.ActiveCfg = Debug|Any CPU
		{832D083D-E43A-44C8-A5B4-CDB6759D6AD5}.Debug|x64.Build.0 = Debug|Any CPU
		{832D083D-E43A-44C8-A5B4-CDB6759D6AD5}.Debug|x86.ActiveCfg = Debug|Any CPU
		{832D083D-E43A-44C8-A5B4-CDB6759D6AD5}.Debug|x86.Build.0 = Debug|Any CPU
		{832D083D-E43A-44C8-A5B4-CDB6759D6AD5}.Release|Any CPU.ActiveCfg = Release|Any CPU
		{832D083D-E43A-44C8-A5B4-CDB6759D6AD5}.Release|Any CPU.Build.0 = Release|Any CPU
		{832D083D-E43A-44C8-A5B4-CDB6759D6AD5}.Release|Any CPU.Deploy.0 = Release|Any CPU
		{832D083D-E43A-44C8-A5B4-CDB6759D6AD5}.Release|x64.ActiveCfg = Release|Any CPU
		{832D083D-E43A-44C8-A5B4-CDB6759D6AD5}.Release|x64.Build.0 = Release|Any CPU
		{832D083D-E43A-44C8-A5B4-CDB6759D6AD5}.Release|x86.ActiveCfg = Release|Any CPU
		{832D083D-E43A-44C8-A5B4-CDB6759D6AD5}.Release|x86.Build.0 = Release|Any CPU
		{AAA3D24C-E431-4B6C-8BD4-A73730FB6D0F}.Debug|Any CPU.ActiveCfg = Debug|Any CPU
		{AAA3D24C-E431-4B6C-8BD4-A73730FB6D0F}.Debug|Any CPU.Build.0 = Debug|Any CPU
		{AAA3D24C-E431-4B6C-8BD4-A73730FB6D0F}.Debug|x64.ActiveCfg = Debug|Any CPU
		{AAA3D24C-E431-4B6C-8BD4-A73730FB6D0F}.Debug|x64.Build.0 = Debug|Any CPU
		{AAA3D24C-E431-4B6C-8BD4-A73730FB6D0F}.Debug|x86.ActiveCfg = Debug|Any CPU
		{AAA3D24C-E431-4B6C-8BD4-A73730FB6D0F}.Debug|x86.Build.0 = Debug|Any CPU
		{AAA3D24C-E431-4B6C-8BD4-A73730FB6D0F}.Release|Any CPU.ActiveCfg = Release|Any CPU
		{AAA3D24C-E431-4B6C-8BD4-A73730FB6D0F}.Release|Any CPU.Build.0 = Release|Any CPU
		{AAA3D24C-E431-4B6C-8BD4-A73730FB6D0F}.Release|x64.ActiveCfg = Release|Any CPU
		{AAA3D24C-E431-4B6C-8BD4-A73730FB6D0F}.Release|x64.Build.0 = Release|Any CPU
		{AAA3D24C-E431-4B6C-8BD4-A73730FB6D0F}.Release|x86.ActiveCfg = Release|Any CPU
		{AAA3D24C-E431-4B6C-8BD4-A73730FB6D0F}.Release|x86.Build.0 = Release|Any CPU
		{66433132-8371-4589-8273-0735A6EFD08D}.Debug|Any CPU.ActiveCfg = Debug|Any CPU
		{66433132-8371-4589-8273-0735A6EFD08D}.Debug|Any CPU.Build.0 = Debug|Any CPU
		{66433132-8371-4589-8273-0735A6EFD08D}.Debug|x64.ActiveCfg = Debug|Any CPU
		{66433132-8371-4589-8273-0735A6EFD08D}.Debug|x64.Build.0 = Debug|Any CPU
		{66433132-8371-4589-8273-0735A6EFD08D}.Debug|x86.ActiveCfg = Debug|Any CPU
		{66433132-8371-4589-8273-0735A6EFD08D}.Debug|x86.Build.0 = Debug|Any CPU
		{66433132-8371-4589-8273-0735A6EFD08D}.Release|Any CPU.ActiveCfg = Release|Any CPU
		{66433132-8371-4589-8273-0735A6EFD08D}.Release|Any CPU.Build.0 = Release|Any CPU
		{66433132-8371-4589-8273-0735A6EFD08D}.Release|x64.ActiveCfg = Release|Any CPU
		{66433132-8371-4589-8273-0735A6EFD08D}.Release|x64.Build.0 = Release|Any CPU
		{66433132-8371-4589-8273-0735A6EFD08D}.Release|x86.ActiveCfg = Release|Any CPU
		{66433132-8371-4589-8273-0735A6EFD08D}.Release|x86.Build.0 = Release|Any CPU
	EndGlobalSection
	GlobalSection(SolutionProperties) = preSolution
		HideSolutionNode = FALSE
	EndGlobalSection
	GlobalSection(ExtensibilityGlobals) = postSolution
		SolutionGuid = {8890614B-4249-4055-B3E3-09DDB3287CA9}
	EndGlobalSection
EndGlobal
